// !$*UTF8*$!
{
	archiveVersion = 1;
	classes = {
	};
	objectVersion = 46;
	objects = {

/* Begin PBXBuildFile section */
		56D30FAE194EF9C700FEAE21 /* Foundation.framework in Frameworks */ = {isa = PBXBuildFile; fileRef = 56D30FAD194EF9C700FEAE21 /* Foundation.framework */; };
		56D30FB0194EF9C700FEAE21 /* CoreGraphics.framework in Frameworks */ = {isa = PBXBuildFile; fileRef = 56D30FAF194EF9C700FEAE21 /* CoreGraphics.framework */; };
		56D30FB2194EF9C700FEAE21 /* UIKit.framework in Frameworks */ = {isa = PBXBuildFile; fileRef = 56D30FB1194EF9C700FEAE21 /* UIKit.framework */; };
		56D30FB8194EF9C700FEAE21 /* InfoPlist.strings in Resources */ = {isa = PBXBuildFile; fileRef = 56D30FB6194EF9C700FEAE21 /* InfoPlist.strings */; };
		56D30FBA194EF9C700FEAE21 /* main.m in Sources */ = {isa = PBXBuildFile; fileRef = 56D30FB9194EF9C700FEAE21 /* main.m */; };
		56D30FBE194EF9C700FEAE21 /* AppDelegate.m in Sources */ = {isa = PBXBuildFile; fileRef = 56D30FBD194EF9C700FEAE21 /* AppDelegate.m */; };
		56D30FC0194EF9C700FEAE21 /* Images.xcassets in Resources */ = {isa = PBXBuildFile; fileRef = 56D30FBF194EF9C700FEAE21 /* Images.xcassets */; };
		56D30FC7194EF9C700FEAE21 /* XCTest.framework in Frameworks */ = {isa = PBXBuildFile; fileRef = 56D30FC6194EF9C700FEAE21 /* XCTest.framework */; };
		56D30FC8194EF9C700FEAE21 /* Foundation.framework in Frameworks */ = {isa = PBXBuildFile; fileRef = 56D30FAD194EF9C700FEAE21 /* Foundation.framework */; };
		56D30FC9194EF9C700FEAE21 /* UIKit.framework in Frameworks */ = {isa = PBXBuildFile; fileRef = 56D30FB1194EF9C700FEAE21 /* UIKit.framework */; };
		56D30FD1194EF9C700FEAE21 /* InfoPlist.strings in Resources */ = {isa = PBXBuildFile; fileRef = 56D30FCF194EF9C700FEAE21 /* InfoPlist.strings */; };
		56D30FD3194EF9C700FEAE21 /* ScrollView_DemoTests.m in Sources */ = {isa = PBXBuildFile; fileRef = 56D30FD2194EF9C700FEAE21 /* ScrollView_DemoTests.m */; };
		56D30FDF194EF9F900FEAE21 /* ViewController.m in Sources */ = {isa = PBXBuildFile; fileRef = 56D30FDD194EF9F900FEAE21 /* ViewController.m */; };
		56D30FE0194EF9F900FEAE21 /* ViewController.xib in Resources */ = {isa = PBXBuildFile; fileRef = 56D30FDE194EF9F900FEAE21 /* ViewController.xib */; };
/* End PBXBuildFile section */

/* Begin PBXContainerItemProxy section */
		56D30FCA194EF9C700FEAE21 /* PBXContainerItemProxy */ = {
			isa = PBXContainerItemProxy;
			containerPortal = 56D30FA2194EF9C700FEAE21 /* Project object */;
			proxyType = 1;
			remoteGlobalIDString = 56D30FA9194EF9C700FEAE21;
			remoteInfo = "ScrollView Demo";
		};
/* End PBXContainerItemProxy section */

/* Begin PBXFileReference section */
		56D30FAA194EF9C700FEAE21 /* ScrollView Demo.app */ = {isa = PBXFileReference; explicitFileType = wrapper.application; includeInIndex = 0; path = "ScrollView Demo.app"; sourceTree = BUILT_PRODUCTS_DIR; };
		56D30FAD194EF9C700FEAE21 /* Foundation.framework */ = {isa = PBXFileReference; lastKnownFileType = wrapper.framework; name = Foundation.framework; path = System/Library/Frameworks/Foundation.framework; sourceTree = SDKROOT; };
		56D30FAF194EF9C700FEAE21 /* CoreGraphics.framework */ = {isa = PBXFileReference; lastKnownFileType = wrapper.framework; name = CoreGraphics.framework; path = System/Library/Frameworks/CoreGraphics.framework; sourceTree = SDKROOT; };
		56D30FB1194EF9C700FEAE21 /* UIKit.framework */ = {isa = PBXFileReference; lastKnownFileType = wrapper.framework; name = UIKit.framework; path = System/Library/Frameworks/UIKit.framework; sourceTree = SDKROOT; };
		56D30FB5194EF9C700FEAE21 /* ScrollView Demo-Info.plist */ = {isa = PBXFileReference; lastKnownFileType = text.plist.xml; path = "ScrollView Demo-Info.plist"; sourceTree = "<group>"; };
		56D30FB7194EF9C700FEAE21 /* en */ = {isa = PBXFileReference; lastKnownFileType = text.plist.strings; name = en; path = en.lproj/InfoPlist.strings; sourceTree = "<group>"; };
		56D30FB9194EF9C700FEAE21 /* main.m */ = {isa = PBXFileReference; lastKnownFileType = sourcecode.c.objc; path = main.m; sourceTree = "<group>"; };
		56D30FBB194EF9C700FEAE21 /* ScrollView Demo-Prefix.pch */ = {isa = PBXFileReference; lastKnownFileType = sourcecode.c.h; path = "ScrollView Demo-Prefix.pch"; sourceTree = "<group>"; };
		56D30FBC194EF9C700FEAE21 /* AppDelegate.h */ = {isa = PBXFileReference; lastKnownFileType = sourcecode.c.h; path = AppDelegate.h; sourceTree = "<group>"; };
		56D30FBD194EF9C700FEAE21 /* AppDelegate.m */ = {isa = PBXFileReference; lastKnownFileType = sourcecode.c.objc; path = AppDelegate.m; sourceTree = "<group>"; };
		56D30FBF194EF9C700FEAE21 /* Images.xcassets */ = {isa = PBXFileReference; lastKnownFileType = folder.assetcatalog; path = Images.xcassets; sourceTree = "<group>"; };
		56D30FC5194EF9C700FEAE21 /* ScrollView DemoTests.xctest */ = {isa = PBXFileReference; explicitFileType = wrapper.cfbundle; includeInIndex = 0; path = "ScrollView DemoTests.xctest"; sourceTree = BUILT_PRODUCTS_DIR; };
		56D30FC6194EF9C700FEAE21 /* XCTest.framework */ = {isa = PBXFileReference; lastKnownFileType = wrapper.framework; name = XCTest.framework; path = Library/Frameworks/XCTest.framework; sourceTree = DEVELOPER_DIR; };
		56D30FCE194EF9C700FEAE21 /* ScrollView DemoTests-Info.plist */ = {isa = PBXFileReference; lastKnownFileType = text.plist.xml; path = "ScrollView DemoTests-Info.plist"; sourceTree = "<group>"; };
		56D30FD0194EF9C700FEAE21 /* en */ = {isa = PBXFileReference; lastKnownFileType = text.plist.strings; name = en; path = en.lproj/InfoPlist.strings; sourceTree = "<group>"; };
		56D30FD2194EF9C700FEAE21 /* ScrollView_DemoTests.m */ = {isa = PBXFileReference; lastKnownFileType = sourcecode.c.objc; path = ScrollView_DemoTests.m; sourceTree = "<group>"; };
		56D30FDC194EF9F900FEAE21 /* ViewController.h */ = {isa = PBXFileReference; fileEncoding = 4; lastKnownFileType = sourcecode.c.h; path = ViewController.h; sourceTree = "<group>"; };
		56D30FDD194EF9F900FEAE21 /* ViewController.m */ = {isa = PBXFileReference; fileEncoding = 4; lastKnownFileType = sourcecode.c.objc; path = ViewController.m; sourceTree = "<group>"; };
		56D30FDE194EF9F900FEAE21 /* ViewController.xib */ = {isa = PBXFileReference; fileEncoding = 4; lastKnownFileType = file.xib; path = ViewController.xib; sourceTree = "<group>"; };
/* End PBXFileReference section */

/* Begin PBXFrameworksBuildPhase section */
		56D30FA7194EF9C700FEAE21 /* Frameworks */ = {
			isa = PBXFrameworksBuildPhase;
			buildActionMask = 2147483647;
			files = (
				56D30FB0194EF9C700FEAE21 /* CoreGraphics.framework in Frameworks */,
				56D30FB2194EF9C700FEAE21 /* UIKit.framework in Frameworks */,
				56D30FAE194EF9C700FEAE21 /* Foundation.framework in Frameworks */,
			);
			runOnlyForDeploymentPostprocessing = 0;
		};
		56D30FC2194EF9C700FEAE21 /* Frameworks */ = {
			isa = PBXFrameworksBuildPhase;
			buildActionMask = 2147483647;
			files = (
				56D30FC7194EF9C700FEAE21 /* XCTest.framework in Frameworks */,
				56D30FC9194EF9C700FEAE21 /* UIKit.framework in Frameworks */,
				56D30FC8194EF9C700FEAE21 /* Foundation.framework in Frameworks */,
			);
			runOnlyForDeploymentPostprocessing = 0;
		};
/* End PBXFrameworksBuildPhase section */

/* Begin PBXGroup section */
		56D30FA1194EF9C700FEAE21 = {
			isa = PBXGroup;
			children = (
				56D30FDC194EF9F900FEAE21 /* ViewController.h */,
				56D30FDD194EF9F900FEAE21 /* ViewController.m */,
				56D30FDE194EF9F900FEAE21 /* ViewController.xib */,
				56D30FB3194EF9C700FEAE21 /* ScrollView Demo */,
				56D30FCC194EF9C700FEAE21 /* ScrollView DemoTests */,
				56D30FAC194EF9C700FEAE21 /* Frameworks */,
				56D30FAB194EF9C700FEAE21 /* Products */,
			);
			sourceTree = "<group>";
		};
		56D30FAB194EF9C700FEAE21 /* Products */ = {
			isa = PBXGroup;
			children = (
				56D30FAA194EF9C700FEAE21 /* ScrollView Demo.app */,
				56D30FC5194EF9C700FEAE21 /* ScrollView DemoTests.xctest */,
			);
			name = Products;
			sourceTree = "<group>";
		};
		56D30FAC194EF9C700FEAE21 /* Frameworks */ = {
			isa = PBXGroup;
			children = (
				56D30FAD194EF9C700FEAE21 /* Foundation.framework */,
				56D30FAF194EF9C700FEAE21 /* CoreGraphics.framework */,
				56D30FB1194EF9C700FEAE21 /* UIKit.framework */,
				56D30FC6194EF9C700FEAE21 /* XCTest.framework */,
			);
			name = Frameworks;
			sourceTree = "<group>";
		};
		56D30FB3194EF9C700FEAE21 /* ScrollView Demo */ = {
			isa = PBXGroup;
			children = (
				56D30FBC194EF9C700FEAE21 /* AppDelegate.h */,
				56D30FBD194EF9C700FEAE21 /* AppDelegate.m */,
				56D30FBF194EF9C700FEAE21 /* Images.xcassets */,
				56D30FB4194EF9C700FEAE21 /* Supporting Files */,
			);
			path = "ScrollView Demo";
			sourceTree = "<group>";
		};
		56D30FB4194EF9C700FEAE21 /* Supporting Files */ = {
			isa = PBXGroup;
			children = (
				56D30FB5194EF9C700FEAE21 /* ScrollView Demo-Info.plist */,
				56D30FB6194EF9C700FEAE21 /* InfoPlist.strings */,
				56D30FB9194EF9C700FEAE21 /* main.m */,
				56D30FBB194EF9C700FEAE21 /* ScrollView Demo-Prefix.pch */,
			);
			name = "Supporting Files";
			sourceTree = "<group>";
		};
		56D30FCC194EF9C700FEAE21 /* ScrollView DemoTests */ = {
			isa = PBXGroup;
			children = (
				56D30FD2194EF9C700FEAE21 /* ScrollView_DemoTests.m */,
				56D30FCD194EF9C700FEAE21 /* Supporting Files */,
			);
			path = "ScrollView DemoTests";
			sourceTree = "<group>";
		};
		56D30FCD194EF9C700FEAE21 /* Supporting Files */ = {
			isa = PBXGroup;
			children = (
				56D30FCE194EF9C700FEAE21 /* ScrollView DemoTests-Info.plist */,
				56D30FCF194EF9C700FEAE21 /* InfoPlist.strings */,
			);
			name = "Supporting Files";
			sourceTree = "<group>";
		};
/* End PBXGroup section */

/* Begin PBXNativeTarget section */
		56D30FA9194EF9C700FEAE21 /* ScrollView Demo */ = {
			isa = PBXNativeTarget;
			buildConfigurationList = 56D30FD6194EF9C700FEAE21 /* Build configuration list for PBXNativeTarget "ScrollView Demo" */;
			buildPhases = (
				56D30FA6194EF9C700FEAE21 /* Sources */,
				56D30FA7194EF9C700FEAE21 /* Frameworks */,
				56D30FA8194EF9C700FEAE21 /* Resources */,
			);
			buildRules = (
			);
			dependencies = (
			);
			name = "ScrollView Demo";
			productName = "ScrollView Demo";
			productReference = 56D30FAA194EF9C700FEAE21 /* ScrollView Demo.app */;
			productType = "com.apple.product-type.application";
		};
		56D30FC4194EF9C700FEAE21 /* ScrollView DemoTests */ = {
			isa = PBXNativeTarget;
			buildConfigurationList = 56D30FD9194EF9C700FEAE21 /* Build configuration list for PBXNativeTarget "ScrollView DemoTests" */;
			buildPhases = (
				56D30FC1194EF9C700FEAE21 /* Sources */,
				56D30FC2194EF9C700FEAE21 /* Frameworks */,
				56D30FC3194EF9C700FEAE21 /* Resources */,
			);
			buildRules = (
			);
			dependencies = (
				56D30FCB194EF9C700FEAE21 /* PBXTargetDependency */,
			);
			name = "ScrollView DemoTests";
			productName = "ScrollView DemoTests";
			productReference = 56D30FC5194EF9C700FEAE21 /* ScrollView DemoTests.xctest */;
			productType = "com.apple.product-type.bundle.unit-test";
		};
/* End PBXNativeTarget section */

/* Begin PBXProject section */
		56D30FA2194EF9C700FEAE21 /* Project object */ = {
			isa = PBXProject;
			attributes = {
				LastUpgradeCheck = 0510;
				ORGANIZATIONNAME = "Lin Zhang";
				TargetAttributes = {
					56D30FC4194EF9C700FEAE21 = {
						TestTargetID = 56D30FA9194EF9C700FEAE21;
					};
				};
			};
			buildConfigurationList = 56D30FA5194EF9C700FEAE21 /* Build configuration list for PBXProject "ScrollView Demo" */;
			compatibilityVersion = "Xcode 3.2";
			developmentRegion = English;
			hasScannedForEncodings = 0;
			knownRegions = (
				en,
			);
			mainGroup = 56D30FA1194EF9C700FEAE21;
			productRefGroup = 56D30FAB194EF9C700FEAE21 /* Products */;
			projectDirPath = "";
			projectRoot = "";
			targets = (
				56D30FA9194EF9C700FEAE21 /* ScrollView Demo */,
				56D30FC4194EF9C700FEAE21 /* ScrollView DemoTests */,
			);
		};
/* End PBXProject section */

/* Begin PBXResourcesBuildPhase section */
		56D30FA8194EF9C700FEAE21 /* Resources */ = {
			isa = PBXResourcesBuildPhase;
			buildActionMask = 2147483647;
			files = (
				56D30FB8194EF9C700FEAE21 /* InfoPlist.strings in Resources */,
				56D30FE0194EF9F900FEAE21 /* ViewController.xib in Resources */,
				56D30FC0194EF9C700FEAE21 /* Images.xcassets in Resources */,
			);
			runOnlyForDeploymentPostprocessing = 0;
		};
		56D30FC3194EF9C700FEAE21 /* Resources */ = {
			isa = PBXResourcesBuildPhase;
			buildActionMask = 2147483647;
			files = (
				56D30FD1194EF9C700FEAE21 /* InfoPlist.strings in Resources */,
			);
			runOnlyForDeploymentPostprocessing = 0;
		};
/* End PBXResourcesBuildPhase section */

/* Begin PBXSourcesBuildPhase section */
		56D30FA6194EF9C700FEAE21 /* Sources */ = {
			isa = PBXSourcesBuildPhase;
			buildActionMask = 2147483647;
			files = (
				56D30FDF194EF9F900FEAE21 /* ViewController.m in Sources */,
				56D30FBE194EF9C700FEAE21 /* AppDelegate.m in Sources */,
				56D30FBA194EF9C700FEAE21 /* main.m in Sources */,
			);
			runOnlyForDeploymentPostprocessing = 0;
		};
		56D30FC1194EF9C700FEAE21 /* Sources */ = {
			isa = PBXSourcesBuildPhase;
			buildActionMask = 2147483647;
			files = (
				56D30FD3194EF9C700FEAE21 /* ScrollView_DemoTests.m in Sources */,
			);
			runOnlyForDeploymentPostprocessing = 0;
		};
/* End PBXSourcesBuildPhase section */

/* Begin PBXTargetDependency section */
		56D30FCB194EF9C700FEAE21 /* PBXTargetDependency */ = {
			isa = PBXTargetDependency;
			target = 56D30FA9194EF9C700FEAE21 /* ScrollView Demo */;
			targetProxy = 56D30FCA194EF9C700FEAE21 /* PBXContainerItemProxy */;
		};
/* End PBXTargetDependency section */

/* Begin PBXVariantGroup section */
		56D30FB6194EF9C700FEAE21 /* InfoPlist.strings */ = {
			isa = PBXVariantGroup;
			children = (
				56D30FB7194EF9C700FEAE21 /* en */,
			);
			name = InfoPlist.strings;
			sourceTree = "<group>";
		};
		56D30FCF194EF9C700FEAE21 /* InfoPlist.strings */ = {
			isa = PBXVariantGroup;
			children = (
				56D30FD0194EF9C700FEAE21 /* en */,
			);
			name = InfoPlist.strings;
			sourceTree = "<group>";
		};
/* End PBXVariantGroup section */

/* Begin XCBuildConfiguration section */
		56D30FD4194EF9C700FEAE21 /* Debug */ = {
			isa = XCBuildConfiguration;
			buildSettings = {
				ALWAYS_SEARCH_USER_PATHS = NO;
				CLANG_CXX_LANGUAGE_STANDARD = "gnu++0x";
				CLANG_CXX_LIBRARY = "libc++";
				CLANG_ENABLE_MODULES = YES;
				CLANG_ENABLE_OBJC_ARC = YES;
				CLANG_WARN_BOOL_CONVERSION = YES;
				CLANG_WARN_CONSTANT_CONVERSION = YES;
				CLANG_WARN_DIRECT_OBJC_ISA_USAGE = YES_ERROR;
				CLANG_WARN_EMPTY_BODY = YES;
				CLANG_WARN_ENUM_CONVERSION = YES;
				CLANG_WARN_INT_CONVERSION = YES;
				CLANG_WARN_OBJC_ROOT_CLASS = YES_ERROR;
				CLANG_WARN__DUPLICATE_METHOD_MATCH = YES;
				"CODE_SIGN_IDENTITY[sdk=iphoneos*]" = "iPhone Developer";
				COPY_PHASE_STRIP = NO;
				GCC_C_LANGUAGE_STANDARD = gnu99;
				GCC_DYNAMIC_NO_PIC = NO;
				GCC_OPTIMIZATION_LEVEL = 0;
				GCC_PREPROCESSOR_DEFINITIONS = (
					"DEBUG=1",
					"$(inherited)",
				);
				GCC_SYMBOLS_PRIVATE_EXTERN = NO;
				GCC_WARN_64_TO_32_BIT_CONVERSION = YES;
				GCC_WARN_ABOUT_RETURN_TYPE = YES_ERROR;
				GCC_WARN_UNDECLARED_SELECTOR = YES;
				GCC_WARN_UNINITIALIZED_AUTOS = YES_AGGRESSIVE;
				GCC_WARN_UNUSED_FUNCTION = YES;
				GCC_WARN_UNUSED_VARIABLE = YES;
				IPHONEOS_DEPLOYMENT_TARGET = 7.1;
				ONLY_ACTIVE_ARCH = YES;
				SDKROOT = iphoneos;
				TARGETED_DEVICE_FAMILY = "1,2";
			};
			name = Debug;
		};
		56D30FD5194EF9C700FEAE21 /* Release */ = {
			isa = XCBuildConfiguration;
			buildSettings = {
				ALWAYS_SEARCH_USER_PATHS = NO;
				CLANG_CXX_LANGUAGE_STANDARD = "gnu++0x";
				CLANG_CXX_LIBRARY = "libc++";
				CLANG_ENABLE_MODULES = YES;
				CLANG_ENABLE_OBJC_ARC = YES;
				CLANG_WARN_BOOL_CONVERSION = YES;
				CLANG_WARN_CONSTANT_CONVERSION = YES;
				CLANG_WARN_DIRECT_OBJC_ISA_USAGE = YES_ERROR;
				CLANG_WARN_EMPTY_BODY = YES;
				CLANG_WARN_ENUM_CONVERSION = YES;
				CLANG_WARN_INT_CONVERSION = YES;
				CLANG_WARN_OBJC_ROOT_CLASS = YES_ERROR;
				CLANG_WARN__DUPLICATE_METHOD_MATCH = YES;
				"CODE_SIGN_IDENTITY[sdk=iphoneos*]" = "iPhone Developer";
				COPY_PHASE_STRIP = YES;
				ENABLE_NS_ASSERTIONS = NO;
				GCC_C_LANGUAGE_STANDARD = gnu99;
				GCC_WARN_64_TO_32_BIT_CONVERSION = YES;
				GCC_WARN_ABOUT_RETURN_TYPE = YES_ERROR;
				GCC_WARN_UNDECLARED_SELECTOR = YES;
				GCC_WARN_UNINITIALIZED_AUTOS = YES_AGGRESSIVE;
				GCC_WARN_UNUSED_FUNCTION = YES;
				GCC_WARN_UNUSED_VARIABLE = YES;
				IPHONEOS_DEPLOYMENT_TARGET = 7.1;
				SDKROOT = iphoneos;
				TARGETED_DEVICE_FAMILY = "1,2";
				VALIDATE_PRODUCT = YES;
			};
			name = Release;
		};
		56D30FD7194EF9C700FEAE21 /* Debug */ = {
			isa = XCBuildConfiguration;
			buildSettings = {
				ASSETCATALOG_COMPILER_APPICON_NAME = AppIcon;
				ASSETCATALOG_COMPILER_LAUNCHIMAGE_NAME = LaunchImage;
				GCC_PRECOMPILE_PREFIX_HEADER = YES;
				GCC_PREFIX_HEADER = "ScrollView Demo/ScrollView Demo-Prefix.pch";
				INFOPLIST_FILE = "ScrollView Demo/ScrollView Demo-Info.plist";
				PRODUCT_NAME = "$(TARGET_NAME)";
				WRAPPER_EXTENSION = app;
			};
			name = Debug;
		};
		56D30FD8194EF9C700FEAE21 /* Release */ = {
			isa = XCBuildConfiguration;
			buildSettings = {
				ASSETCATALOG_COMPILER_APPICON_NAME = AppIcon;
				ASSETCATALOG_COMPILER_LAUNCHIMAGE_NAME = LaunchImage;
				GCC_PRECOMPILE_PREFIX_HEADER = YES;
				GCC_PREFIX_HEADER = "ScrollView Demo/ScrollView Demo-Prefix.pch";
				INFOPLIST_FILE = "ScrollView Demo/ScrollView Demo-Info.plist";
				PRODUCT_NAME = "$(TARGET_NAME)";
				WRAPPER_EXTENSION = app;
			};
			name = Release;
		};
		56D30FDA194EF9C700FEAE21 /* Debug */ = {
			isa = XCBuildConfiguration;
			buildSettings = {
				BUNDLE_LOADER = "$(BUILT_PRODUCTS_DIR)/ScrollView Demo.app/ScrollView Demo";
				FRAMEWORK_SEARCH_PATHS = (
					"$(SDKROOT)/Developer/Library/Frameworks",
					"$(inherited)",
					"$(DEVELOPER_FRAMEWORKS_DIR)",
				);
				GCC_PRECOMPILE_PREFIX_HEADER = YES;
				GCC_PREFIX_HEADER = "ScrollView Demo/ScrollView Demo-Prefix.pch";
				GCC_PREPROCESSOR_DEFINITIONS = (
					"DEBUG=1",
					"$(inherited)",
				);
				INFOPLIST_FILE = "ScrollView DemoTests/ScrollView DemoTests-Info.plist";
				PRODUCT_NAME = "$(TARGET_NAME)";
				TEST_HOST = "$(BUNDLE_LOADER)";
				WRAPPER_EXTENSION = xctest;
			};
			name = Debug;
		};
		56D30FDB194EF9C700FEAE21 /* Release */ = {
			isa = XCBuildConfiguration;
			buildSettings = {
				BUNDLE_LOADER = "$(BUILT_PRODUCTS_DIR)/ScrollView Demo.app/ScrollView Demo";
				FRAMEWORK_SEARCH_PATHS = (
					"$(SDKROOT)/Developer/Library/Frameworks",
					"$(inherited)",
					"$(DEVELOPER_FRAMEWORKS_DIR)",
				);
				GCC_PRECOMPILE_PREFIX_HEADER = YES;
				GCC_PREFIX_HEADER = "ScrollView Demo/ScrollView Demo-Prefix.pch";
				INFOPLIST_FILE = "ScrollView DemoTests/ScrollView DemoTests-Info.plist";
				PRODUCT_NAME = "$(TARGET_NAME)";
				TEST_HOST = "$(BUNDLE_LOADER)";
				WRAPPER_EXTENSION = xctest;
			};
			name = Release;
		};
/* End XCBuildConfiguration section */

/* Begin XCConfigurationList section */
		56D30FA5194EF9C700FEAE21 /* Build configuration list for PBXProject "ScrollView Demo" */ = {
			isa = XCConfigurationList;
			buildConfigurations = (
				56D30FD4194EF9C700FEAE21 /* Debug */,
				56D30FD5194EF9C700FEAE21 /* Release */,
			);
			defaultConfigurationIsVisible = 0;
			defaultConfigurationName = Release;
		};
		56D30FD6194EF9C700FEAE21 /* Build configuration list for PBXNativeTarget "ScrollView Demo" */ = {
			isa = XCConfigurationList;
			buildConfigurations = (
				56D30FD7194EF9C700FEAE21 /* Debug */,
				56D30FD8194EF9C700FEAE21 /* Release */,
			);
			defaultConfigurationIsVisible = 0;
		};
		56D30FD9194EF9C700FEAE21 /* Build configuration list for PBXNativeTarget "ScrollView DemoTests" */ = {
			isa = XCConfigurationList;
			buildConfigurations = (
				56D30FDA194EF9C700FEAE21 /* Debug */,
				56D30FDB194EF9C700FEAE21 /* Release */,
			);
			defaultConfigurationIsVisible = 0;
		};
/* End XCConfigurationList section */
	};
	rootObject = 56D30FA2194EF9C700FEAE21 /* Project object */;
}
