// !$*UTF8*$!
{
	archiveVersion = 1;
	classes = {
	};
	objectVersion = 46;
	objects = {

/* Begin PBXBuildFile section */
		56E2CCBA193D1695006DBD4B /* Foundation.framework in Frameworks */ = {isa = PBXBuildFile; fileRef = 56E2CCB9193D1695006DBD4B /* Foundation.framework */; };
		56E2CCBC193D1695006DBD4B /* CoreGraphics.framework in Frameworks */ = {isa = PBXBuildFile; fileRef = 56E2CCBB193D1695006DBD4B /* CoreGraphics.framework */; };
		56E2CCBE193D1695006DBD4B /* UIKit.framework in Frameworks */ = {isa = PBXBuildFile; fileRef = 56E2CCBD193D1695006DBD4B /* UIKit.framework */; };
		56E2CCC4193D1695006DBD4B /* InfoPlist.strings in Resources */ = {isa = PBXBuildFile; fileRef = 56E2CCC2193D1695006DBD4B /* InfoPlist.strings */; };
		56E2CCC6193D1695006DBD4B /* main.m in Sources */ = {isa = PBXBuildFile; fileRef = 56E2CCC5193D1695006DBD4B /* main.m */; };
		56E2CCCA193D1695006DBD4B /* AppDelegate.m in Sources */ = {isa = PBXBuildFile; fileRef = 56E2CCC9193D1695006DBD4B /* AppDelegate.m */; };
		56E2CCCC193D1695006DBD4B /* Images.xcassets in Resources */ = {isa = PBXBuildFile; fileRef = 56E2CCCB193D1695006DBD4B /* Images.xcassets */; };
		56E2CCD3193D1695006DBD4B /* XCTest.framework in Frameworks */ = {isa = PBXBuildFile; fileRef = 56E2CCD2193D1695006DBD4B /* XCTest.framework */; };
		56E2CCD4193D1695006DBD4B /* Foundation.framework in Frameworks */ = {isa = PBXBuildFile; fileRef = 56E2CCB9193D1695006DBD4B /* Foundation.framework */; };
		56E2CCD5193D1695006DBD4B /* UIKit.framework in Frameworks */ = {isa = PBXBuildFile; fileRef = 56E2CCBD193D1695006DBD4B /* UIKit.framework */; };
		56E2CCDD193D1695006DBD4B /* InfoPlist.strings in Resources */ = {isa = PBXBuildFile; fileRef = 56E2CCDB193D1695006DBD4B /* InfoPlist.strings */; };
		56E2CCDF193D1695006DBD4B /* tipCalculatorTests.m in Sources */ = {isa = PBXBuildFile; fileRef = 56E2CCDE193D1695006DBD4B /* tipCalculatorTests.m */; };
		56E2CCEB193D181B006DBD4B /* TipViewController.m in Sources */ = {isa = PBXBuildFile; fileRef = 56E2CCE9193D181B006DBD4B /* TipViewController.m */; };
		56E2CCEC193D181B006DBD4B /* TipViewController.xib in Resources */ = {isa = PBXBuildFile; fileRef = 56E2CCEA193D181B006DBD4B /* TipViewController.xib */; };
		56E2CCF0193E62EA006DBD4B /* SettingsViewController.m in Sources */ = {isa = PBXBuildFile; fileRef = 56E2CCEE193E62EA006DBD4B /* SettingsViewController.m */; };
		56E2CCF1193E62EA006DBD4B /* SettingsViewController.xib in Resources */ = {isa = PBXBuildFile; fileRef = 56E2CCEF193E62EA006DBD4B /* SettingsViewController.xib */; };
/* End PBXBuildFile section */

/* Begin PBXContainerItemProxy section */
		56E2CCD6193D1695006DBD4B /* PBXContainerItemProxy */ = {
			isa = PBXContainerItemProxy;
			containerPortal = 56E2CCAE193D1695006DBD4B /* Project object */;
			proxyType = 1;
			remoteGlobalIDString = 56E2CCB5193D1695006DBD4B;
			remoteInfo = tipCalculator;
		};
/* End PBXContainerItemProxy section */

/* Begin PBXFileReference section */
		56E2CCB6193D1695006DBD4B /* tipCalculator.app */ = {isa = PBXFileReference; explicitFileType = wrapper.application; includeInIndex = 0; path = tipCalculator.app; sourceTree = BUILT_PRODUCTS_DIR; };
		56E2CCB9193D1695006DBD4B /* Foundation.framework */ = {isa = PBXFileReference; lastKnownFileType = wrapper.framework; name = Foundation.framework; path = System/Library/Frameworks/Foundation.framework; sourceTree = SDKROOT; };
		56E2CCBB193D1695006DBD4B /* CoreGraphics.framework */ = {isa = PBXFileReference; lastKnownFileType = wrapper.framework; name = CoreGraphics.framework; path = System/Library/Frameworks/CoreGraphics.framework; sourceTree = SDKROOT; };
		56E2CCBD193D1695006DBD4B /* UIKit.framework */ = {isa = PBXFileReference; lastKnownFileType = wrapper.framework; name = UIKit.framework; path = System/Library/Frameworks/UIKit.framework; sourceTree = SDKROOT; };
		56E2CCC1193D1695006DBD4B /* tipCalculator-Info.plist */ = {isa = PBXFileReference; lastKnownFileType = text.plist.xml; path = "tipCalculator-Info.plist"; sourceTree = "<group>"; };
		56E2CCC3193D1695006DBD4B /* en */ = {isa = PBXFileReference; lastKnownFileType = text.plist.strings; name = en; path = en.lproj/InfoPlist.strings; sourceTree = "<group>"; };
		56E2CCC5193D1695006DBD4B /* main.m */ = {isa = PBXFileReference; lastKnownFileType = sourcecode.c.objc; path = main.m; sourceTree = "<group>"; };
		56E2CCC7193D1695006DBD4B /* tipCalculator-Prefix.pch */ = {isa = PBXFileReference; lastKnownFileType = sourcecode.c.h; path = "tipCalculator-Prefix.pch"; sourceTree = "<group>"; };
		56E2CCC8193D1695006DBD4B /* AppDelegate.h */ = {isa = PBXFileReference; lastKnownFileType = sourcecode.c.h; path = AppDelegate.h; sourceTree = "<group>"; };
		56E2CCC9193D1695006DBD4B /* AppDelegate.m */ = {isa = PBXFileReference; lastKnownFileType = sourcecode.c.objc; path = AppDelegate.m; sourceTree = "<group>"; };
		56E2CCCB193D1695006DBD4B /* Images.xcassets */ = {isa = PBXFileReference; lastKnownFileType = folder.assetcatalog; path = Images.xcassets; sourceTree = "<group>"; };
		56E2CCD1193D1695006DBD4B /* tipCalculatorTests.xctest */ = {isa = PBXFileReference; explicitFileType = wrapper.cfbundle; includeInIndex = 0; path = tipCalculatorTests.xctest; sourceTree = BUILT_PRODUCTS_DIR; };
		56E2CCD2193D1695006DBD4B /* XCTest.framework */ = {isa = PBXFileReference; lastKnownFileType = wrapper.framework; name = XCTest.framework; path = Library/Frameworks/XCTest.framework; sourceTree = DEVELOPER_DIR; };
		56E2CCDA193D1695006DBD4B /* tipCalculatorTests-Info.plist */ = {isa = PBXFileReference; lastKnownFileType = text.plist.xml; path = "tipCalculatorTests-Info.plist"; sourceTree = "<group>"; };
		56E2CCDC193D1695006DBD4B /* en */ = {isa = PBXFileReference; lastKnownFileType = text.plist.strings; name = en; path = en.lproj/InfoPlist.strings; sourceTree = "<group>"; };
		56E2CCDE193D1695006DBD4B /* tipCalculatorTests.m */ = {isa = PBXFileReference; lastKnownFileType = sourcecode.c.objc; path = tipCalculatorTests.m; sourceTree = "<group>"; };
		56E2CCE8193D181B006DBD4B /* TipViewController.h */ = {isa = PBXFileReference; fileEncoding = 4; lastKnownFileType = sourcecode.c.h; path = TipViewController.h; sourceTree = "<group>"; };
		56E2CCE9193D181B006DBD4B /* TipViewController.m */ = {isa = PBXFileReference; fileEncoding = 4; lastKnownFileType = sourcecode.c.objc; path = TipViewController.m; sourceTree = "<group>"; };
		56E2CCEA193D181B006DBD4B /* TipViewController.xib */ = {isa = PBXFileReference; fileEncoding = 4; lastKnownFileType = file.xib; path = TipViewController.xib; sourceTree = "<group>"; };
		56E2CCED193E62EA006DBD4B /* SettingsViewController.h */ = {isa = PBXFileReference; fileEncoding = 4; lastKnownFileType = sourcecode.c.h; path = SettingsViewController.h; sourceTree = "<group>"; };
		56E2CCEE193E62EA006DBD4B /* SettingsViewController.m */ = {isa = PBXFileReference; fileEncoding = 4; lastKnownFileType = sourcecode.c.objc; path = SettingsViewController.m; sourceTree = "<group>"; };
		56E2CCEF193E62EA006DBD4B /* SettingsViewController.xib */ = {isa = PBXFileReference; fileEncoding = 4; lastKnownFileType = file.xib; path = SettingsViewController.xib; sourceTree = "<group>"; };
/* End PBXFileReference section */

/* Begin PBXFrameworksBuildPhase section */
		56E2CCB3193D1695006DBD4B /* Frameworks */ = {
			isa = PBXFrameworksBuildPhase;
			buildActionMask = 2147483647;
			files = (
				56E2CCBC193D1695006DBD4B /* CoreGraphics.framework in Frameworks */,
				56E2CCBE193D1695006DBD4B /* UIKit.framework in Frameworks */,
				56E2CCBA193D1695006DBD4B /* Foundation.framework in Frameworks */,
			);
			runOnlyForDeploymentPostprocessing = 0;
		};
		56E2CCCE193D1695006DBD4B /* Frameworks */ = {
			isa = PBXFrameworksBuildPhase;
			buildActionMask = 2147483647;
			files = (
				56E2CCD3193D1695006DBD4B /* XCTest.framework in Frameworks */,
				56E2CCD5193D1695006DBD4B /* UIKit.framework in Frameworks */,
				56E2CCD4193D1695006DBD4B /* Foundation.framework in Frameworks */,
			);
			runOnlyForDeploymentPostprocessing = 0;
		};
/* End PBXFrameworksBuildPhase section */

/* Begin PBXGroup section */
		56E2CCAD193D1695006DBD4B = {
			isa = PBXGroup;
			children = (
				56E2CCBF193D1695006DBD4B /* tipCalculator */,
				56E2CCD8193D1695006DBD4B /* tipCalculatorTests */,
				56E2CCB8193D1695006DBD4B /* Frameworks */,
				56E2CCB7193D1695006DBD4B /* Products */,
			);
			sourceTree = "<group>";
		};
		56E2CCB7193D1695006DBD4B /* Products */ = {
			isa = PBXGroup;
			children = (
				56E2CCB6193D1695006DBD4B /* tipCalculator.app */,
				56E2CCD1193D1695006DBD4B /* tipCalculatorTests.xctest */,
			);
			name = Products;
			sourceTree = "<group>";
		};
		56E2CCB8193D1695006DBD4B /* Frameworks */ = {
			isa = PBXGroup;
			children = (
				56E2CCB9193D1695006DBD4B /* Foundation.framework */,
				56E2CCBB193D1695006DBD4B /* CoreGraphics.framework */,
				56E2CCBD193D1695006DBD4B /* UIKit.framework */,
				56E2CCD2193D1695006DBD4B /* XCTest.framework */,
			);
			name = Frameworks;
			sourceTree = "<group>";
		};
		56E2CCBF193D1695006DBD4B /* tipCalculator */ = {
			isa = PBXGroup;
			children = (
				56E2CCC8193D1695006DBD4B /* AppDelegate.h */,
				56E2CCC9193D1695006DBD4B /* AppDelegate.m */,
				56E2CCCB193D1695006DBD4B /* Images.xcassets */,
				56E2CCC0193D1695006DBD4B /* Supporting Files */,
				56E2CCE8193D181B006DBD4B /* TipViewController.h */,
				56E2CCE9193D181B006DBD4B /* TipViewController.m */,
				56E2CCED193E62EA006DBD4B /* SettingsViewController.h */,
				56E2CCEE193E62EA006DBD4B /* SettingsViewController.m */,
				56E2CCEF193E62EA006DBD4B /* SettingsViewController.xib */,
				56E2CCEA193D181B006DBD4B /* TipViewController.xib */,
			);
			path = tipCalculator;
			sourceTree = "<group>";
		};
		56E2CCC0193D1695006DBD4B /* Supporting Files */ = {
			isa = PBXGroup;
			children = (
				56E2CCC1193D1695006DBD4B /* tipCalculator-Info.plist */,
				56E2CCC2193D1695006DBD4B /* InfoPlist.strings */,
				56E2CCC5193D1695006DBD4B /* main.m */,
				56E2CCC7193D1695006DBD4B /* tipCalculator-Prefix.pch */,
			);
			name = "Supporting Files";
			sourceTree = "<group>";
		};
		56E2CCD8193D1695006DBD4B /* tipCalculatorTests */ = {
			isa = PBXGroup;
			children = (
				56E2CCDE193D1695006DBD4B /* tipCalculatorTests.m */,
				56E2CCD9193D1695006DBD4B /* Supporting Files */,
			);
			path = tipCalculatorTests;
			sourceTree = "<group>";
		};
		56E2CCD9193D1695006DBD4B /* Supporting Files */ = {
			isa = PBXGroup;
			children = (
				56E2CCDA193D1695006DBD4B /* tipCalculatorTests-Info.plist */,
				56E2CCDB193D1695006DBD4B /* InfoPlist.strings */,
			);
			name = "Supporting Files";
			sourceTree = "<group>";
		};
/* End PBXGroup section */

/* Begin PBXNativeTarget section */
		56E2CCB5193D1695006DBD4B /* tipCalculator */ = {
			isa = PBXNativeTarget;
			buildConfigurationList = 56E2CCE2193D1695006DBD4B /* Build configuration list for PBXNativeTarget "tipCalculator" */;
			buildPhases = (
				56E2CCB2193D1695006DBD4B /* Sources */,
				56E2CCB3193D1695006DBD4B /* Frameworks */,
				56E2CCB4193D1695006DBD4B /* Resources */,
			);
			buildRules = (
			);
			dependencies = (
			);
			name = tipCalculator;
			productName = tipCalculator;
			productReference = 56E2CCB6193D1695006DBD4B /* tipCalculator.app */;
			productType = "com.apple.product-type.application";
		};
		56E2CCD0193D1695006DBD4B /* tipCalculatorTests */ = {
			isa = PBXNativeTarget;
			buildConfigurationList = 56E2CCE5193D1695006DBD4B /* Build configuration list for PBXNativeTarget "tipCalculatorTests" */;
			buildPhases = (
				56E2CCCD193D1695006DBD4B /* Sources */,
				56E2CCCE193D1695006DBD4B /* Frameworks */,
				56E2CCCF193D1695006DBD4B /* Resources */,
			);
			buildRules = (
			);
			dependencies = (
				56E2CCD7193D1695006DBD4B /* PBXTargetDependency */,
			);
			name = tipCalculatorTests;
			productName = tipCalculatorTests;
			productReference = 56E2CCD1193D1695006DBD4B /* tipCalculatorTests.xctest */;
			productType = "com.apple.product-type.bundle.unit-test";
		};
/* End PBXNativeTarget section */

/* Begin PBXProject section */
		56E2CCAE193D1695006DBD4B /* Project object */ = {
			isa = PBXProject;
			attributes = {
				LastUpgradeCheck = 0510;
				ORGANIZATIONNAME = "Lin Zhang";
				TargetAttributes = {
					56E2CCD0193D1695006DBD4B = {
						TestTargetID = 56E2CCB5193D1695006DBD4B;
					};
				};
			};
			buildConfigurationList = 56E2CCB1193D1695006DBD4B /* Build configuration list for PBXProject "tipCalculator" */;
			compatibilityVersion = "Xcode 3.2";
			developmentRegion = English;
			hasScannedForEncodings = 0;
			knownRegions = (
				en,
			);
			mainGroup = 56E2CCAD193D1695006DBD4B;
			productRefGroup = 56E2CCB7193D1695006DBD4B /* Products */;
			projectDirPath = "";
			projectRoot = "";
			targets = (
				56E2CCB5193D1695006DBD4B /* tipCalculator */,
				56E2CCD0193D1695006DBD4B /* tipCalculatorTests */,
			);
		};
/* End PBXProject section */

/* Begin PBXResourcesBuildPhase section */
		56E2CCB4193D1695006DBD4B /* Resources */ = {
			isa = PBXResourcesBuildPhase;
			buildActionMask = 2147483647;
			files = (
				56E2CCEC193D181B006DBD4B /* TipViewController.xib in Resources */,
				56E2CCC4193D1695006DBD4B /* InfoPlist.strings in Resources */,
				56E2CCCC193D1695006DBD4B /* Images.xcassets in Resources */,
				56E2CCF1193E62EA006DBD4B /* SettingsViewController.xib in Resources */,
			);
			runOnlyForDeploymentPostprocessing = 0;
		};
		56E2CCCF193D1695006DBD4B /* Resources */ = {
			isa = PBXResourcesBuildPhase;
			buildActionMask = 2147483647;
			files = (
				56E2CCDD193D1695006DBD4B /* InfoPlist.strings in Resources */,
			);
			runOnlyForDeploymentPostprocessing = 0;
		};
/* End PBXResourcesBuildPhase section */

/* Begin PBXSourcesBuildPhase section */
		56E2CCB2193D1695006DBD4B /* Sources */ = {
			isa = PBXSourcesBuildPhase;
			buildActionMask = 2147483647;
			files = (
				56E2CCCA193D1695006DBD4B /* AppDelegate.m in Sources */,
				56E2CCEB193D181B006DBD4B /* TipViewController.m in Sources */,
				56E2CCC6193D1695006DBD4B /* main.m in Sources */,
				56E2CCF0193E62EA006DBD4B /* SettingsViewController.m in Sources */,
			);
			runOnlyForDeploymentPostprocessing = 0;
		};
		56E2CCCD193D1695006DBD4B /* Sources */ = {
			isa = PBXSourcesBuildPhase;
			buildActionMask = 2147483647;
			files = (
				56E2CCDF193D1695006DBD4B /* tipCalculatorTests.m in Sources */,
			);
			runOnlyForDeploymentPostprocessing = 0;
		};
/* End PBXSourcesBuildPhase section */

/* Begin PBXTargetDependency section */
		56E2CCD7193D1695006DBD4B /* PBXTargetDependency */ = {
			isa = PBXTargetDependency;
			target = 56E2CCB5193D1695006DBD4B /* tipCalculator */;
			targetProxy = 56E2CCD6193D1695006DBD4B /* PBXContainerItemProxy */;
		};
/* End PBXTargetDependency section */

/* Begin PBXVariantGroup section */
		56E2CCC2193D1695006DBD4B /* InfoPlist.strings */ = {
			isa = PBXVariantGroup;
			children = (
				56E2CCC3193D1695006DBD4B /* en */,
			);
			name = InfoPlist.strings;
			sourceTree = "<group>";
		};
		56E2CCDB193D1695006DBD4B /* InfoPlist.strings */ = {
			isa = PBXVariantGroup;
			children = (
				56E2CCDC193D1695006DBD4B /* en */,
			);
			name = InfoPlist.strings;
			sourceTree = "<group>";
		};
/* End PBXVariantGroup section */

/* Begin XCBuildConfiguration section */
		56E2CCE0193D1695006DBD4B /* Debug */ = {
			isa = XCBuildConfiguration;
			buildSettings = {
				ALWAYS_SEARCH_USER_PATHS = NO;
				CLANG_CXX_LANGUAGE_STANDARD = "gnu++0x";
				CLANG_CXX_LIBRARY = "libc++";
				CLANG_ENABLE_MODULES = YES;
				CLANG_ENABLE_OBJC_ARC = YES;
				CLANG_WARN_BOOL_CONVERSION = YES;
				CLANG_WARN_CONSTANT_CONVERSION = YES;
				CLANG_WARN_DIRECT_OBJC_ISA_USAGE = YES_ERROR;
				CLANG_WARN_EMPTY_BODY = YES;
				CLANG_WARN_ENUM_CONVERSION = YES;
				CLANG_WARN_INT_CONVERSION = YES;
				CLANG_WARN_OBJC_ROOT_CLASS = YES_ERROR;
				CLANG_WARN__DUPLICATE_METHOD_MATCH = YES;
				"CODE_SIGN_IDENTITY[sdk=iphoneos*]" = "iPhone Developer";
				COPY_PHASE_STRIP = NO;
				GCC_C_LANGUAGE_STANDARD = gnu99;
				GCC_DYNAMIC_NO_PIC = NO;
				GCC_OPTIMIZATION_LEVEL = 0;
				GCC_PREPROCESSOR_DEFINITIONS = (
					"DEBUG=1",
					"$(inherited)",
				);
				GCC_SYMBOLS_PRIVATE_EXTERN = NO;
				GCC_WARN_64_TO_32_BIT_CONVERSION = YES;
				GCC_WARN_ABOUT_RETURN_TYPE = YES_ERROR;
				GCC_WARN_UNDECLARED_SELECTOR = YES;
				GCC_WARN_UNINITIALIZED_AUTOS = YES_AGGRESSIVE;
				GCC_WARN_UNUSED_FUNCTION = YES;
				GCC_WARN_UNUSED_VARIABLE = YES;
				IPHONEOS_DEPLOYMENT_TARGET = 7.1;
				ONLY_ACTIVE_ARCH = YES;
				SDKROOT = iphoneos;
				TARGETED_DEVICE_FAMILY = "1,2";
			};
			name = Debug;
		};
		56E2CCE1193D1695006DBD4B /* Release */ = {
			isa = XCBuildConfiguration;
			buildSettings = {
				ALWAYS_SEARCH_USER_PATHS = NO;
				CLANG_CXX_LANGUAGE_STANDARD = "gnu++0x";
				CLANG_CXX_LIBRARY = "libc++";
				CLANG_ENABLE_MODULES = YES;
				CLANG_ENABLE_OBJC_ARC = YES;
				CLANG_WARN_BOOL_CONVERSION = YES;
				CLANG_WARN_CONSTANT_CONVERSION = YES;
				CLANG_WARN_DIRECT_OBJC_ISA_USAGE = YES_ERROR;
				CLANG_WARN_EMPTY_BODY = YES;
				CLANG_WARN_ENUM_CONVERSION = YES;
				CLANG_WARN_INT_CONVERSION = YES;
				CLANG_WARN_OBJC_ROOT_CLASS = YES_ERROR;
				CLANG_WARN__DUPLICATE_METHOD_MATCH = YES;
				"CODE_SIGN_IDENTITY[sdk=iphoneos*]" = "iPhone Developer";
				COPY_PHASE_STRIP = YES;
				ENABLE_NS_ASSERTIONS = NO;
				GCC_C_LANGUAGE_STANDARD = gnu99;
				GCC_WARN_64_TO_32_BIT_CONVERSION = YES;
				GCC_WARN_ABOUT_RETURN_TYPE = YES_ERROR;
				GCC_WARN_UNDECLARED_SELECTOR = YES;
				GCC_WARN_UNINITIALIZED_AUTOS = YES_AGGRESSIVE;
				GCC_WARN_UNUSED_FUNCTION = YES;
				GCC_WARN_UNUSED_VARIABLE = YES;
				IPHONEOS_DEPLOYMENT_TARGET = 7.1;
				SDKROOT = iphoneos;
				TARGETED_DEVICE_FAMILY = "1,2";
				VALIDATE_PRODUCT = YES;
			};
			name = Release;
		};
		56E2CCE3193D1695006DBD4B /* Debug */ = {
			isa = XCBuildConfiguration;
			buildSettings = {
				ASSETCATALOG_COMPILER_APPICON_NAME = AppIcon;
				ASSETCATALOG_COMPILER_LAUNCHIMAGE_NAME = LaunchImage;
				GCC_PRECOMPILE_PREFIX_HEADER = YES;
				GCC_PREFIX_HEADER = "tipCalculator/tipCalculator-Prefix.pch";
				INFOPLIST_FILE = "tipCalculator/tipCalculator-Info.plist";
				IPHONEOS_DEPLOYMENT_TARGET = 6.0;
				PRODUCT_NAME = "$(TARGET_NAME)";
				TARGETED_DEVICE_FAMILY = 1;
				WRAPPER_EXTENSION = app;
			};
			name = Debug;
		};
		56E2CCE4193D1695006DBD4B /* Release */ = {
			isa = XCBuildConfiguration;
			buildSettings = {
				ASSETCATALOG_COMPILER_APPICON_NAME = AppIcon;
				ASSETCATALOG_COMPILER_LAUNCHIMAGE_NAME = LaunchImage;
				GCC_PRECOMPILE_PREFIX_HEADER = YES;
				GCC_PREFIX_HEADER = "tipCalculator/tipCalculator-Prefix.pch";
				INFOPLIST_FILE = "tipCalculator/tipCalculator-Info.plist";
				IPHONEOS_DEPLOYMENT_TARGET = 6.0;
				PRODUCT_NAME = "$(TARGET_NAME)";
				TARGETED_DEVICE_FAMILY = 1;
				WRAPPER_EXTENSION = app;
			};
			name = Release;
		};
		56E2CCE6193D1695006DBD4B /* Debug */ = {
			isa = XCBuildConfiguration;
			buildSettings = {
				BUNDLE_LOADER = "$(BUILT_PRODUCTS_DIR)/tipCalculator.app/tipCalculator";
				FRAMEWORK_SEARCH_PATHS = (
					"$(SDKROOT)/Developer/Library/Frameworks",
					"$(inherited)",
					"$(DEVELOPER_FRAMEWORKS_DIR)",
				);
				GCC_PRECOMPILE_PREFIX_HEADER = YES;
				GCC_PREFIX_HEADER = "tipCalculator/tipCalculator-Prefix.pch";
				GCC_PREPROCESSOR_DEFINITIONS = (
					"DEBUG=1",
					"$(inherited)",
				);
				INFOPLIST_FILE = "tipCalculatorTests/tipCalculatorTests-Info.plist";
				PRODUCT_NAME = "$(TARGET_NAME)";
				TEST_HOST = "$(BUNDLE_LOADER)";
				WRAPPER_EXTENSION = xctest;
			};
			name = Debug;
		};
		56E2CCE7193D1695006DBD4B /* Release */ = {
			isa = XCBuildConfiguration;
			buildSettings = {
				BUNDLE_LOADER = "$(BUILT_PRODUCTS_DIR)/tipCalculator.app/tipCalculator";
				FRAMEWORK_SEARCH_PATHS = (
					"$(SDKROOT)/Developer/Library/Frameworks",
					"$(inherited)",
					"$(DEVELOPER_FRAMEWORKS_DIR)",
				);
				GCC_PRECOMPILE_PREFIX_HEADER = YES;
				GCC_PREFIX_HEADER = "tipCalculator/tipCalculator-Prefix.pch";
				INFOPLIST_FILE = "tipCalculatorTests/tipCalculatorTests-Info.plist";
				PRODUCT_NAME = "$(TARGET_NAME)";
				TEST_HOST = "$(BUNDLE_LOADER)";
				WRAPPER_EXTENSION = xctest;
			};
			name = Release;
		};
/* End XCBuildConfiguration section */

/* Begin XCConfigurationList section */
		56E2CCB1193D1695006DBD4B /* Build configuration list for PBXProject "tipCalculator" */ = {
			isa = XCConfigurationList;
			buildConfigurations = (
				56E2CCE0193D1695006DBD4B /* Debug */,
				56E2CCE1193D1695006DBD4B /* Release */,
			);
			defaultConfigurationIsVisible = 0;
			defaultConfigurationName = Release;
		};
		56E2CCE2193D1695006DBD4B /* Build configuration list for PBXNativeTarget "tipCalculator" */ = {
			isa = XCConfigurationList;
			buildConfigurations = (
				56E2CCE3193D1695006DBD4B /* Debug */,
				56E2CCE4193D1695006DBD4B /* Release */,
			);
			defaultConfigurationIsVisible = 0;
		};
		56E2CCE5193D1695006DBD4B /* Build configuration list for PBXNativeTarget "tipCalculatorTests" */ = {
			isa = XCConfigurationList;
			buildConfigurations = (
				56E2CCE6193D1695006DBD4B /* Debug */,
				56E2CCE7193D1695006DBD4B /* Release */,
			);
			defaultConfigurationIsVisible = 0;
		};
/* End XCConfigurationList section */
	};
	rootObject = 56E2CCAE193D1695006DBD4B /* Project object */;
}
