// !$*UTF8*$!
{
	archiveVersion = 1;
	classes = {
	};
	objectVersion = 46;
	objects = {

/* Begin PBXBuildFile section */
		56BFAEF21947EEFF003595EB /* Foundation.framework in Frameworks */ = {isa = PBXBuildFile; fileRef = 56BFAEF11947EEFF003595EB /* Foundation.framework */; };
		56BFAEF41947EEFF003595EB /* CoreGraphics.framework in Frameworks */ = {isa = PBXBuildFile; fileRef = 56BFAEF31947EEFF003595EB /* CoreGraphics.framework */; };
		56BFAEF61947EEFF003595EB /* UIKit.framework in Frameworks */ = {isa = PBXBuildFile; fileRef = 56BFAEF51947EEFF003595EB /* UIKit.framework */; };
		56BFAEFC1947EEFF003595EB /* InfoPlist.strings in Resources */ = {isa = PBXBuildFile; fileRef = 56BFAEFA1947EEFF003595EB /* InfoPlist.strings */; };
		56BFAEFE1947EEFF003595EB /* main.m in Sources */ = {isa = PBXBuildFile; fileRef = 56BFAEFD1947EEFF003595EB /* main.m */; };
		56BFAF021947EEFF003595EB /* AppDelegate.m in Sources */ = {isa = PBXBuildFile; fileRef = 56BFAF011947EEFF003595EB /* AppDelegate.m */; };
		56BFAF041947EEFF003595EB /* Images.xcassets in Resources */ = {isa = PBXBuildFile; fileRef = 56BFAF031947EEFF003595EB /* Images.xcassets */; };
		56BFAF0B1947EF00003595EB /* XCTest.framework in Frameworks */ = {isa = PBXBuildFile; fileRef = 56BFAF0A1947EF00003595EB /* XCTest.framework */; };
		56BFAF0C1947EF00003595EB /* Foundation.framework in Frameworks */ = {isa = PBXBuildFile; fileRef = 56BFAEF11947EEFF003595EB /* Foundation.framework */; };
		56BFAF0D1947EF00003595EB /* UIKit.framework in Frameworks */ = {isa = PBXBuildFile; fileRef = 56BFAEF51947EEFF003595EB /* UIKit.framework */; };
		56BFAF151947EF00003595EB /* InfoPlist.strings in Resources */ = {isa = PBXBuildFile; fileRef = 56BFAF131947EF00003595EB /* InfoPlist.strings */; };
		56BFAF171947EF00003595EB /* rottenTomatoes_v1Tests.m in Sources */ = {isa = PBXBuildFile; fileRef = 56BFAF161947EF00003595EB /* rottenTomatoes_v1Tests.m */; };
		56BFAF261947F7BF003595EB /* MovieViewController.m in Sources */ = {isa = PBXBuildFile; fileRef = 56BFAF241947F7BF003595EB /* MovieViewController.m */; };
		56BFAF271947F7BF003595EB /* MovieViewController.xib in Resources */ = {isa = PBXBuildFile; fileRef = 56BFAF251947F7BF003595EB /* MovieViewController.xib */; };
/* End PBXBuildFile section */

/* Begin PBXContainerItemProxy section */
		56BFAF0E1947EF00003595EB /* PBXContainerItemProxy */ = {
			isa = PBXContainerItemProxy;
			containerPortal = 56BFAEE61947EEFF003595EB /* Project object */;
			proxyType = 1;
			remoteGlobalIDString = 56BFAEED1947EEFF003595EB;
			remoteInfo = rottenTomatoes_v1;
		};
/* End PBXContainerItemProxy section */

/* Begin PBXFileReference section */
		56BFAEEE1947EEFF003595EB /* rottenTomatoes_v1.app */ = {isa = PBXFileReference; explicitFileType = wrapper.application; includeInIndex = 0; path = rottenTomatoes_v1.app; sourceTree = BUILT_PRODUCTS_DIR; };
		56BFAEF11947EEFF003595EB /* Foundation.framework */ = {isa = PBXFileReference; lastKnownFileType = wrapper.framework; name = Foundation.framework; path = System/Library/Frameworks/Foundation.framework; sourceTree = SDKROOT; };
		56BFAEF31947EEFF003595EB /* CoreGraphics.framework */ = {isa = PBXFileReference; lastKnownFileType = wrapper.framework; name = CoreGraphics.framework; path = System/Library/Frameworks/CoreGraphics.framework; sourceTree = SDKROOT; };
		56BFAEF51947EEFF003595EB /* UIKit.framework */ = {isa = PBXFileReference; lastKnownFileType = wrapper.framework; name = UIKit.framework; path = System/Library/Frameworks/UIKit.framework; sourceTree = SDKROOT; };
		56BFAEF91947EEFF003595EB /* rottenTomatoes_v1-Info.plist */ = {isa = PBXFileReference; lastKnownFileType = text.plist.xml; path = "rottenTomatoes_v1-Info.plist"; sourceTree = "<group>"; };
		56BFAEFB1947EEFF003595EB /* en */ = {isa = PBXFileReference; lastKnownFileType = text.plist.strings; name = en; path = en.lproj/InfoPlist.strings; sourceTree = "<group>"; };
		56BFAEFD1947EEFF003595EB /* main.m */ = {isa = PBXFileReference; lastKnownFileType = sourcecode.c.objc; path = main.m; sourceTree = "<group>"; };
		56BFAEFF1947EEFF003595EB /* rottenTomatoes_v1-Prefix.pch */ = {isa = PBXFileReference; lastKnownFileType = sourcecode.c.h; path = "rottenTomatoes_v1-Prefix.pch"; sourceTree = "<group>"; };
		56BFAF001947EEFF003595EB /* AppDelegate.h */ = {isa = PBXFileReference; lastKnownFileType = sourcecode.c.h; path = AppDelegate.h; sourceTree = "<group>"; };
		56BFAF011947EEFF003595EB /* AppDelegate.m */ = {isa = PBXFileReference; lastKnownFileType = sourcecode.c.objc; path = AppDelegate.m; sourceTree = "<group>"; };
		56BFAF031947EEFF003595EB /* Images.xcassets */ = {isa = PBXFileReference; lastKnownFileType = folder.assetcatalog; path = Images.xcassets; sourceTree = "<group>"; };
		56BFAF091947EF00003595EB /* rottenTomatoes_v1Tests.xctest */ = {isa = PBXFileReference; explicitFileType = wrapper.cfbundle; includeInIndex = 0; path = rottenTomatoes_v1Tests.xctest; sourceTree = BUILT_PRODUCTS_DIR; };
		56BFAF0A1947EF00003595EB /* XCTest.framework */ = {isa = PBXFileReference; lastKnownFileType = wrapper.framework; name = XCTest.framework; path = Library/Frameworks/XCTest.framework; sourceTree = DEVELOPER_DIR; };
		56BFAF121947EF00003595EB /* rottenTomatoes_v1Tests-Info.plist */ = {isa = PBXFileReference; lastKnownFileType = text.plist.xml; path = "rottenTomatoes_v1Tests-Info.plist"; sourceTree = "<group>"; };
		56BFAF141947EF00003595EB /* en */ = {isa = PBXFileReference; lastKnownFileType = text.plist.strings; name = en; path = en.lproj/InfoPlist.strings; sourceTree = "<group>"; };
		56BFAF161947EF00003595EB /* rottenTomatoes_v1Tests.m */ = {isa = PBXFileReference; lastKnownFileType = sourcecode.c.objc; path = rottenTomatoes_v1Tests.m; sourceTree = "<group>"; };
		56BFAF231947F7BF003595EB /* MovieViewController.h */ = {isa = PBXFileReference; fileEncoding = 4; lastKnownFileType = sourcecode.c.h; path = MovieViewController.h; sourceTree = "<group>"; };
		56BFAF241947F7BF003595EB /* MovieViewController.m */ = {isa = PBXFileReference; fileEncoding = 4; lastKnownFileType = sourcecode.c.objc; path = MovieViewController.m; sourceTree = "<group>"; };
		56BFAF251947F7BF003595EB /* MovieViewController.xib */ = {isa = PBXFileReference; fileEncoding = 4; lastKnownFileType = file.xib; path = MovieViewController.xib; sourceTree = "<group>"; };
/* End PBXFileReference section */

/* Begin PBXFrameworksBuildPhase section */
		56BFAEEB1947EEFF003595EB /* Frameworks */ = {
			isa = PBXFrameworksBuildPhase;
			buildActionMask = 2147483647;
			files = (
				56BFAEF41947EEFF003595EB /* CoreGraphics.framework in Frameworks */,
				56BFAEF61947EEFF003595EB /* UIKit.framework in Frameworks */,
				56BFAEF21947EEFF003595EB /* Foundation.framework in Frameworks */,
			);
			runOnlyForDeploymentPostprocessing = 0;
		};
		56BFAF061947EF00003595EB /* Frameworks */ = {
			isa = PBXFrameworksBuildPhase;
			buildActionMask = 2147483647;
			files = (
				56BFAF0B1947EF00003595EB /* XCTest.framework in Frameworks */,
				56BFAF0D1947EF00003595EB /* UIKit.framework in Frameworks */,
				56BFAF0C1947EF00003595EB /* Foundation.framework in Frameworks */,
			);
			runOnlyForDeploymentPostprocessing = 0;
		};
/* End PBXFrameworksBuildPhase section */

/* Begin PBXGroup section */
		56BFAEE51947EEFF003595EB = {
			isa = PBXGroup;
			children = (
				56BFAF231947F7BF003595EB /* MovieViewController.h */,
				56BFAF241947F7BF003595EB /* MovieViewController.m */,
				56BFAF251947F7BF003595EB /* MovieViewController.xib */,
				56BFAEF71947EEFF003595EB /* rottenTomatoes_v1 */,
				56BFAF101947EF00003595EB /* rottenTomatoes_v1Tests */,
				56BFAEF01947EEFF003595EB /* Frameworks */,
				56BFAEEF1947EEFF003595EB /* Products */,
			);
			sourceTree = "<group>";
		};
		56BFAEEF1947EEFF003595EB /* Products */ = {
			isa = PBXGroup;
			children = (
				56BFAEEE1947EEFF003595EB /* rottenTomatoes_v1.app */,
				56BFAF091947EF00003595EB /* rottenTomatoes_v1Tests.xctest */,
			);
			name = Products;
			sourceTree = "<group>";
		};
		56BFAEF01947EEFF003595EB /* Frameworks */ = {
			isa = PBXGroup;
			children = (
				56BFAEF11947EEFF003595EB /* Foundation.framework */,
				56BFAEF31947EEFF003595EB /* CoreGraphics.framework */,
				56BFAEF51947EEFF003595EB /* UIKit.framework */,
				56BFAF0A1947EF00003595EB /* XCTest.framework */,
			);
			name = Frameworks;
			sourceTree = "<group>";
		};
		56BFAEF71947EEFF003595EB /* rottenTomatoes_v1 */ = {
			isa = PBXGroup;
			children = (
				56BFAF001947EEFF003595EB /* AppDelegate.h */,
				56BFAF011947EEFF003595EB /* AppDelegate.m */,
				56BFAF031947EEFF003595EB /* Images.xcassets */,
				56BFAEF81947EEFF003595EB /* Supporting Files */,
			);
			path = rottenTomatoes_v1;
			sourceTree = "<group>";
		};
		56BFAEF81947EEFF003595EB /* Supporting Files */ = {
			isa = PBXGroup;
			children = (
				56BFAEF91947EEFF003595EB /* rottenTomatoes_v1-Info.plist */,
				56BFAEFA1947EEFF003595EB /* InfoPlist.strings */,
				56BFAEFD1947EEFF003595EB /* main.m */,
				56BFAEFF1947EEFF003595EB /* rottenTomatoes_v1-Prefix.pch */,
			);
			name = "Supporting Files";
			sourceTree = "<group>";
		};
		56BFAF101947EF00003595EB /* rottenTomatoes_v1Tests */ = {
			isa = PBXGroup;
			children = (
				56BFAF161947EF00003595EB /* rottenTomatoes_v1Tests.m */,
				56BFAF111947EF00003595EB /* Supporting Files */,
			);
			path = rottenTomatoes_v1Tests;
			sourceTree = "<group>";
		};
		56BFAF111947EF00003595EB /* Supporting Files */ = {
			isa = PBXGroup;
			children = (
				56BFAF121947EF00003595EB /* rottenTomatoes_v1Tests-Info.plist */,
				56BFAF131947EF00003595EB /* InfoPlist.strings */,
			);
			name = "Supporting Files";
			sourceTree = "<group>";
		};
/* End PBXGroup section */

/* Begin PBXNativeTarget section */
		56BFAEED1947EEFF003595EB /* rottenTomatoes_v1 */ = {
			isa = PBXNativeTarget;
			buildConfigurationList = 56BFAF1A1947EF00003595EB /* Build configuration list for PBXNativeTarget "rottenTomatoes_v1" */;
			buildPhases = (
				56BFAEEA1947EEFF003595EB /* Sources */,
				56BFAEEB1947EEFF003595EB /* Frameworks */,
				56BFAEEC1947EEFF003595EB /* Resources */,
			);
			buildRules = (
			);
			dependencies = (
			);
			name = rottenTomatoes_v1;
			productName = rottenTomatoes_v1;
			productReference = 56BFAEEE1947EEFF003595EB /* rottenTomatoes_v1.app */;
			productType = "com.apple.product-type.application";
		};
		56BFAF081947EF00003595EB /* rottenTomatoes_v1Tests */ = {
			isa = PBXNativeTarget;
			buildConfigurationList = 56BFAF1D1947EF00003595EB /* Build configuration list for PBXNativeTarget "rottenTomatoes_v1Tests" */;
			buildPhases = (
				56BFAF051947EF00003595EB /* Sources */,
				56BFAF061947EF00003595EB /* Frameworks */,
				56BFAF071947EF00003595EB /* Resources */,
			);
			buildRules = (
			);
			dependencies = (
				56BFAF0F1947EF00003595EB /* PBXTargetDependency */,
			);
			name = rottenTomatoes_v1Tests;
			productName = rottenTomatoes_v1Tests;
			productReference = 56BFAF091947EF00003595EB /* rottenTomatoes_v1Tests.xctest */;
			productType = "com.apple.product-type.bundle.unit-test";
		};
/* End PBXNativeTarget section */

/* Begin PBXProject section */
		56BFAEE61947EEFF003595EB /* Project object */ = {
			isa = PBXProject;
			attributes = {
				LastUpgradeCheck = 0510;
				ORGANIZATIONNAME = "Lin Zhang";
				TargetAttributes = {
					56BFAF081947EF00003595EB = {
						TestTargetID = 56BFAEED1947EEFF003595EB;
					};
				};
			};
			buildConfigurationList = 56BFAEE91947EEFF003595EB /* Build configuration list for PBXProject "rottenTomatoes_v1" */;
			compatibilityVersion = "Xcode 3.2";
			developmentRegion = English;
			hasScannedForEncodings = 0;
			knownRegions = (
				en,
			);
			mainGroup = 56BFAEE51947EEFF003595EB;
			productRefGroup = 56BFAEEF1947EEFF003595EB /* Products */;
			projectDirPath = "";
			projectRoot = "";
			targets = (
				56BFAEED1947EEFF003595EB /* rottenTomatoes_v1 */,
				56BFAF081947EF00003595EB /* rottenTomatoes_v1Tests */,
			);
		};
/* End PBXProject section */

/* Begin PBXResourcesBuildPhase section */
		56BFAEEC1947EEFF003595EB /* Resources */ = {
			isa = PBXResourcesBuildPhase;
			buildActionMask = 2147483647;
			files = (
				56BFAF271947F7BF003595EB /* MovieViewController.xib in Resources */,
				56BFAEFC1947EEFF003595EB /* InfoPlist.strings in Resources */,
				56BFAF041947EEFF003595EB /* Images.xcassets in Resources */,
			);
			runOnlyForDeploymentPostprocessing = 0;
		};
		56BFAF071947EF00003595EB /* Resources */ = {
			isa = PBXResourcesBuildPhase;
			buildActionMask = 2147483647;
			files = (
				56BFAF151947EF00003595EB /* InfoPlist.strings in Resources */,
			);
			runOnlyForDeploymentPostprocessing = 0;
		};
/* End PBXResourcesBuildPhase section */

/* Begin PBXSourcesBuildPhase section */
		56BFAEEA1947EEFF003595EB /* Sources */ = {
			isa = PBXSourcesBuildPhase;
			buildActionMask = 2147483647;
			files = (
				56BFAF021947EEFF003595EB /* AppDelegate.m in Sources */,
				56BFAF261947F7BF003595EB /* MovieViewController.m in Sources */,
				56BFAEFE1947EEFF003595EB /* main.m in Sources */,
			);
			runOnlyForDeploymentPostprocessing = 0;
		};
		56BFAF051947EF00003595EB /* Sources */ = {
			isa = PBXSourcesBuildPhase;
			buildActionMask = 2147483647;
			files = (
				56BFAF171947EF00003595EB /* rottenTomatoes_v1Tests.m in Sources */,
			);
			runOnlyForDeploymentPostprocessing = 0;
		};
/* End PBXSourcesBuildPhase section */

/* Begin PBXTargetDependency section */
		56BFAF0F1947EF00003595EB /* PBXTargetDependency */ = {
			isa = PBXTargetDependency;
			target = 56BFAEED1947EEFF003595EB /* rottenTomatoes_v1 */;
			targetProxy = 56BFAF0E1947EF00003595EB /* PBXContainerItemProxy */;
		};
/* End PBXTargetDependency section */

/* Begin PBXVariantGroup section */
		56BFAEFA1947EEFF003595EB /* InfoPlist.strings */ = {
			isa = PBXVariantGroup;
			children = (
				56BFAEFB1947EEFF003595EB /* en */,
			);
			name = InfoPlist.strings;
			sourceTree = "<group>";
		};
		56BFAF131947EF00003595EB /* InfoPlist.strings */ = {
			isa = PBXVariantGroup;
			children = (
				56BFAF141947EF00003595EB /* en */,
			);
			name = InfoPlist.strings;
			sourceTree = "<group>";
		};
/* End PBXVariantGroup section */

/* Begin XCBuildConfiguration section */
		56BFAF181947EF00003595EB /* Debug */ = {
			isa = XCBuildConfiguration;
			buildSettings = {
				ALWAYS_SEARCH_USER_PATHS = NO;
				CLANG_CXX_LANGUAGE_STANDARD = "gnu++0x";
				CLANG_CXX_LIBRARY = "libc++";
				CLANG_ENABLE_MODULES = YES;
				CLANG_ENABLE_OBJC_ARC = YES;
				CLANG_WARN_BOOL_CONVERSION = YES;
				CLANG_WARN_CONSTANT_CONVERSION = YES;
				CLANG_WARN_DIRECT_OBJC_ISA_USAGE = YES_ERROR;
				CLANG_WARN_EMPTY_BODY = YES;
				CLANG_WARN_ENUM_CONVERSION = YES;
				CLANG_WARN_INT_CONVERSION = YES;
				CLANG_WARN_OBJC_ROOT_CLASS = YES_ERROR;
				CLANG_WARN__DUPLICATE_METHOD_MATCH = YES;
				"CODE_SIGN_IDENTITY[sdk=iphoneos*]" = "iPhone Developer";
				COPY_PHASE_STRIP = NO;
				GCC_C_LANGUAGE_STANDARD = gnu99;
				GCC_DYNAMIC_NO_PIC = NO;
				GCC_OPTIMIZATION_LEVEL = 0;
				GCC_PREPROCESSOR_DEFINITIONS = (
					"DEBUG=1",
					"$(inherited)",
				);
				GCC_SYMBOLS_PRIVATE_EXTERN = NO;
				GCC_WARN_64_TO_32_BIT_CONVERSION = YES;
				GCC_WARN_ABOUT_RETURN_TYPE = YES_ERROR;
				GCC_WARN_UNDECLARED_SELECTOR = YES;
				GCC_WARN_UNINITIALIZED_AUTOS = YES_AGGRESSIVE;
				GCC_WARN_UNUSED_FUNCTION = YES;
				GCC_WARN_UNUSED_VARIABLE = YES;
				IPHONEOS_DEPLOYMENT_TARGET = 7.1;
				ONLY_ACTIVE_ARCH = YES;
				SDKROOT = iphoneos;
				TARGETED_DEVICE_FAMILY = "1,2";
			};
			name = Debug;
		};
		56BFAF191947EF00003595EB /* Release */ = {
			isa = XCBuildConfiguration;
			buildSettings = {
				ALWAYS_SEARCH_USER_PATHS = NO;
				CLANG_CXX_LANGUAGE_STANDARD = "gnu++0x";
				CLANG_CXX_LIBRARY = "libc++";
				CLANG_ENABLE_MODULES = YES;
				CLANG_ENABLE_OBJC_ARC = YES;
				CLANG_WARN_BOOL_CONVERSION = YES;
				CLANG_WARN_CONSTANT_CONVERSION = YES;
				CLANG_WARN_DIRECT_OBJC_ISA_USAGE = YES_ERROR;
				CLANG_WARN_EMPTY_BODY = YES;
				CLANG_WARN_ENUM_CONVERSION = YES;
				CLANG_WARN_INT_CONVERSION = YES;
				CLANG_WARN_OBJC_ROOT_CLASS = YES_ERROR;
				CLANG_WARN__DUPLICATE_METHOD_MATCH = YES;
				"CODE_SIGN_IDENTITY[sdk=iphoneos*]" = "iPhone Developer";
				COPY_PHASE_STRIP = YES;
				ENABLE_NS_ASSERTIONS = NO;
				GCC_C_LANGUAGE_STANDARD = gnu99;
				GCC_WARN_64_TO_32_BIT_CONVERSION = YES;
				GCC_WARN_ABOUT_RETURN_TYPE = YES_ERROR;
				GCC_WARN_UNDECLARED_SELECTOR = YES;
				GCC_WARN_UNINITIALIZED_AUTOS = YES_AGGRESSIVE;
				GCC_WARN_UNUSED_FUNCTION = YES;
				GCC_WARN_UNUSED_VARIABLE = YES;
				IPHONEOS_DEPLOYMENT_TARGET = 7.1;
				SDKROOT = iphoneos;
				TARGETED_DEVICE_FAMILY = "1,2";
				VALIDATE_PRODUCT = YES;
			};
			name = Release;
		};
		56BFAF1B1947EF00003595EB /* Debug */ = {
			isa = XCBuildConfiguration;
			buildSettings = {
				ASSETCATALOG_COMPILER_APPICON_NAME = AppIcon;
				ASSETCATALOG_COMPILER_LAUNCHIMAGE_NAME = LaunchImage;
				GCC_PRECOMPILE_PREFIX_HEADER = YES;
				GCC_PREFIX_HEADER = "rottenTomatoes_v1/rottenTomatoes_v1-Prefix.pch";
				INFOPLIST_FILE = "rottenTomatoes_v1/rottenTomatoes_v1-Info.plist";
				PRODUCT_NAME = "$(TARGET_NAME)";
				WRAPPER_EXTENSION = app;
			};
			name = Debug;
		};
		56BFAF1C1947EF00003595EB /* Release */ = {
			isa = XCBuildConfiguration;
			buildSettings = {
				ASSETCATALOG_COMPILER_APPICON_NAME = AppIcon;
				ASSETCATALOG_COMPILER_LAUNCHIMAGE_NAME = LaunchImage;
				GCC_PRECOMPILE_PREFIX_HEADER = YES;
				GCC_PREFIX_HEADER = "rottenTomatoes_v1/rottenTomatoes_v1-Prefix.pch";
				INFOPLIST_FILE = "rottenTomatoes_v1/rottenTomatoes_v1-Info.plist";
				PRODUCT_NAME = "$(TARGET_NAME)";
				WRAPPER_EXTENSION = app;
			};
			name = Release;
		};
		56BFAF1E1947EF00003595EB /* Debug */ = {
			isa = XCBuildConfiguration;
			buildSettings = {
				BUNDLE_LOADER = "$(BUILT_PRODUCTS_DIR)/rottenTomatoes_v1.app/rottenTomatoes_v1";
				FRAMEWORK_SEARCH_PATHS = (
					"$(SDKROOT)/Developer/Library/Frameworks",
					"$(inherited)",
					"$(DEVELOPER_FRAMEWORKS_DIR)",
				);
				GCC_PRECOMPILE_PREFIX_HEADER = YES;
				GCC_PREFIX_HEADER = "rottenTomatoes_v1/rottenTomatoes_v1-Prefix.pch";
				GCC_PREPROCESSOR_DEFINITIONS = (
					"DEBUG=1",
					"$(inherited)",
				);
				INFOPLIST_FILE = "rottenTomatoes_v1Tests/rottenTomatoes_v1Tests-Info.plist";
				PRODUCT_NAME = "$(TARGET_NAME)";
				TEST_HOST = "$(BUNDLE_LOADER)";
				WRAPPER_EXTENSION = xctest;
			};
			name = Debug;
		};
		56BFAF1F1947EF00003595EB /* Release */ = {
			isa = XCBuildConfiguration;
			buildSettings = {
				BUNDLE_LOADER = "$(BUILT_PRODUCTS_DIR)/rottenTomatoes_v1.app/rottenTomatoes_v1";
				FRAMEWORK_SEARCH_PATHS = (
					"$(SDKROOT)/Developer/Library/Frameworks",
					"$(inherited)",
					"$(DEVELOPER_FRAMEWORKS_DIR)",
				);
				GCC_PRECOMPILE_PREFIX_HEADER = YES;
				GCC_PREFIX_HEADER = "rottenTomatoes_v1/rottenTomatoes_v1-Prefix.pch";
				INFOPLIST_FILE = "rottenTomatoes_v1Tests/rottenTomatoes_v1Tests-Info.plist";
				PRODUCT_NAME = "$(TARGET_NAME)";
				TEST_HOST = "$(BUNDLE_LOADER)";
				WRAPPER_EXTENSION = xctest;
			};
			name = Release;
		};
/* End XCBuildConfiguration section */

/* Begin XCConfigurationList section */
		56BFAEE91947EEFF003595EB /* Build configuration list for PBXProject "rottenTomatoes_v1" */ = {
			isa = XCConfigurationList;
			buildConfigurations = (
				56BFAF181947EF00003595EB /* Debug */,
				56BFAF191947EF00003595EB /* Release */,
			);
			defaultConfigurationIsVisible = 0;
			defaultConfigurationName = Release;
		};
		56BFAF1A1947EF00003595EB /* Build configuration list for PBXNativeTarget "rottenTomatoes_v1" */ = {
			isa = XCConfigurationList;
			buildConfigurations = (
				56BFAF1B1947EF00003595EB /* Debug */,
				56BFAF1C1947EF00003595EB /* Release */,
			);
			defaultConfigurationIsVisible = 0;
		};
		56BFAF1D1947EF00003595EB /* Build configuration list for PBXNativeTarget "rottenTomatoes_v1Tests" */ = {
			isa = XCConfigurationList;
			buildConfigurations = (
				56BFAF1E1947EF00003595EB /* Debug */,
				56BFAF1F1947EF00003595EB /* Release */,
			);
			defaultConfigurationIsVisible = 0;
		};
/* End XCConfigurationList section */
	};
	rootObject = 56BFAEE61947EEFF003595EB /* Project object */;
}
